
Microsoft Visual Studio Solution File, Format Version 12.00
# Visual Studio Version 16
VisualStudioVersion = 16.0.29613.14
MinimumVisualStudioVersion = 10.0.40219.1
Project("{FAE04EC0-301F-11D3-BF4B-00C04F79EFBC}") = "ReminderBot", "ReminderBot\ReminderBot.csproj", "{C1E7307A-7F0F-4D6E-891F-400A3DF4AC9C}"
EndProject
Global
	GlobalSection(SolutionConfigurationPlatforms) = preSolution
		Debug|Any CPU = Debug|Any CPU
		Release|Any CPU = Release|Any CPU
	EndGlobalSection
	GlobalSection(ProjectConfigurationPlatforms) = postSolution
		{C1E7307A-7F0F-4D6E-891F-400A3DF4AC9C}.Debug|Any CPU.ActiveCfg = Debug|Any CPU
		{C1E7307A-7F0F-4D6E-891F-400A3DF4AC9C}.Debug|Any CPU.Build.0 = Debug|Any CPU
		{C1E7307A-7F0F-4D6E-891F-400A3DF4AC9C}.Release|Any CPU.ActiveCfg = Release|Any CPU
		{C1E7307A-7F0F-4D6E-891F-400A3DF4AC9C}.Release|Any CPU.Build.0 = Release|Any CPU
	EndGlobalSection
	GlobalSection(SolutionProperties) = preSolution
		HideSolutionNode = FALSE
	EndGlobalSection
	GlobalSection(ExtensibilityGlobals) = postSolution
		SolutionGuid = {5911F8C4-24D6-493A-83F9-1041783083DB}
	EndGlobalSection
EndGlobal
